
Microsoft Visual Studio Solution File, Format Version 12.00
# Visual Studio 14
VisualStudioVersion = 14.0.25420.1
MinimumVisualStudioVersion = 10.0.40219.1
Project("{FAE04EC0-301F-11D3-BF4B-00C04F79EFBC}") = "RCMS.Platform.Manage.Web", "RCMS\RCMS.Platform.Manage.Web.csproj", "{88122C6A-0AEF-4B68-A964-0F01168330E2}"
EndProject
Project("{2150E333-8FDC-42A3-9474-1A3956D46DE8}") = "Presentation", "Presentation", "{C51B609A-7E25-4BB2-8C08-611985303A1F}"
EndProject
Project("{2150E333-8FDC-42A3-9474-1A3956D46DE8}") = "Application", "Application", "{233B7A9A-AD6A-4659-83DB-80170539577C}"
EndProject
Project("{2150E333-8FDC-42A3-9474-1A3956D46DE8}") = "Business Logic", "Business Logic", "{32DA5AA8-F8A4-418B-99E7-84CC7C364681}"
EndProject
Project("{2150E333-8FDC-42A3-9474-1A3956D46DE8}") = "DataAccess", "DataAccess", "{3DBD89C4-60FC-47D7-9A44-27D1300361E2}"
EndProject
Project("{2150E333-8FDC-42A3-9474-1A3956D46DE8}") = "Infrastructure", "Infrastructure", "{DFCE06B1-F3F5-4B9E-849B-D26BDC7B16F6}"
EndProject
Project("{2150E333-8FDC-42A3-9474-1A3956D46DE8}") = "Service Task", "Service Task", "{B049F4C2-A98D-4650-BA55-9B5A09C59FFC}"
EndProject
Project("{2150E333-8FDC-42A3-9474-1A3956D46DE8}") = "Test", "Test", "{7D78505B-3986-4205-B3BC-0FE4E7EFCDB0}"
EndProject
Project("{2150E333-8FDC-42A3-9474-1A3956D46DE8}") = "RCMS.Center.DomainService", "RCMS.Center.DomainService", "{BE1D7CE2-7440-42C7-BC7A-32FA6932503E}"
EndProject
Project("{2150E333-8FDC-42A3-9474-1A3956D46DE8}") = "RCMS.Center", "RCMS.Center", "{A9266269-EB96-47B5-8364-1599B891F84C}"
EndProject
Project("{FAE04EC0-301F-11D3-BF4B-00C04F79EFBC}") = "RCMS.Center.DataAccess", "RCMS.Center\RCMS.Center.DataAccess.csproj", "{A4AA532C-63DB-4E6E-B18F-6EA77D79F809}"
EndProject
Project("{FAE04EC0-301F-11D3-BF4B-00C04F79EFBC}") = "RCMS.Center.Entity", "RCMS.Center.Entity\RCMS.Center.Entity.csproj", "{D97B242D-C195-436A-A703-490E46E4CE7A}"
EndProject
Project("{2150E333-8FDC-42A3-9474-1A3956D46DE8}") = "RCMS.Public", "RCMS.Public", "{462C98C7-CE19-4B02-BC25-7A7702DC43F4}"
EndProject
Project("{2150E333-8FDC-42A3-9474-1A3956D46DE8}") = "RCMS.Center", "RCMS.Center", "{D5E643A5-1420-4229-89BC-560FA97DF49E}"
EndProject
Project("{FAE04EC0-301F-11D3-BF4B-00C04F79EFBC}") = "RCMS.Public.Service.Contract", "RCMS.Public.Service.Contract\RCMS.Public.Service.Contract.csproj", "{201357FC-DF37-483C-A277-98977B5C4ACB}"
EndProject
Project("{FAE04EC0-301F-11D3-BF4B-00C04F79EFBC}") = "RCMS.Public.Service.Message", "RCMS.Public.Service.Message\RCMS.Public.Service.Message.csproj", "{D256A645-D0BB-4FC6-97CA-303441EB4BBA}"
EndProject
Project("{FAE04EC0-301F-11D3-BF4B-00C04F79EFBC}") = "RCMS.Center.Service.Contract", "RCMS.Center.Service.Contract\RCMS.Center.Service.Contract.csproj", "{2B00F253-6173-41DF-8420-894CFB047494}"
EndProject
Project("{FAE04EC0-301F-11D3-BF4B-00C04F79EFBC}") = "RCMS.Center.Service.Message", "RCMS.Center.Service.Message\RCMS.Center.Service.Message.csproj", "{17E9A912-F417-45C0-B79A-95D4CC9D604A}"
EndProject
Project("{FAE04EC0-301F-11D3-BF4B-00C04F79EFBC}") = "RCMS.Center.Service", "RCMS.Center.Service\RCMS.Center.Service.csproj", "{7EFA84BE-0376-4FE7-A5E7-EB4906B7032B}"
EndProject
Project("{FAE04EC0-301F-11D3-BF4B-00C04F79EFBC}") = "RCMS.Public.Service", "RCMS.Public.Service\RCMS.Public.Service.csproj", "{954D11FA-4B6A-43A8-ABC2-DF9E1754F1B0}"
EndProject
Project("{FAE04EC0-301F-11D3-BF4B-00C04F79EFBC}") = "RCMS.Center.DomainService", "RCMS.Center.Domain\RCMS.Center.DomainService.csproj", "{B99DA986-AA03-4604-97B3-E092D3809638}"
EndProject
Project("{FAE04EC0-301F-11D3-BF4B-00C04F79EFBC}") = "RCMS.Test", "RCMS.Test\RCMS.Test.csproj", "{F882DB2E-81B7-4E66-86B8-346258AC8D27}"
EndProject
Project("{FAE04EC0-301F-11D3-BF4B-00C04F79EFBC}") = "RCMS.Infrastruture.Utilities", "RCMS.Infrastruture.Utilities\RCMS.Infrastruture.Utilities.csproj", "{0136A0DB-30F8-40DE-9BA4-B9A97115F388}"
EndProject
Project("{2150E333-8FDC-42A3-9474-1A3956D46DE8}") = "RCMS.Public.DomainService", "RCMS.Public.DomainService", "{2F451AE4-6344-4345-9B2A-0A6534541844}"
EndProject
Project("{FAE04EC0-301F-11D3-BF4B-00C04F79EFBC}") = "RCMS.Public.DomainService", "RCMS.Public.DomainService\RCMS.Public.DomainService.csproj", "{0427F662-A896-49EC-9D19-694E87F5F638}"
EndProject
Project("{2150E333-8FDC-42A3-9474-1A3956D46DE8}") = "RCMS.Public", "RCMS.Public", "{8D0D6B7F-1931-46B7-A873-E9E000DC43CD}"
EndProject
Project("{FAE04EC0-301F-11D3-BF4B-00C04F79EFBC}") = "RCMS.Public.DataAccess", "RCMS.Public.DataAccess\RCMS.Public.DataAccess.csproj", "{8B33C2A0-7231-4441-B039-1624E50AC012}"
EndProject
Project("{FAE04EC0-301F-11D3-BF4B-00C04F79EFBC}") = "RCMS.Public.Entity", "RCMS.Public.Entity\RCMS.Public.Entity.csproj", "{724C5B4E-065F-4427-B7EC-5837FEA417C3}"
EndProject
Project("{2150E333-8FDC-42A3-9474-1A3956D46DE8}") = "Client SDK", "Client SDK", "{CCFDA7E5-F0DB-4D56-94CF-7C2A84593D69}"
EndProject
Project("{FAE04EC0-301F-11D3-BF4B-00C04F79EFBC}") = "RFramework.WebApi", "RFramework.WebApi\RFramework.WebApi.csproj", "{6FD0C4D1-B63C-4697-877D-1609C5C23FAA}"
EndProject
Project("{FAE04EC0-301F-11D3-BF4B-00C04F79EFBC}") = "RFramework.ServiceClient", "RFramework.ServiceClient\RFramework.ServiceClient.csproj", "{3430B7E8-F258-4460-9CFB-A37147349825}"
EndProject
Global
	GlobalSection(SolutionConfigurationPlatforms) = preSolution
		Debug|Any CPU = Debug|Any CPU
		Release|Any CPU = Release|Any CPU
	EndGlobalSection
	GlobalSection(ProjectConfigurationPlatforms) = postSolution
		{88122C6A-0AEF-4B68-A964-0F01168330E2}.Debug|Any CPU.ActiveCfg = Debug|Any CPU
		{88122C6A-0AEF-4B68-A964-0F01168330E2}.Debug|Any CPU.Build.0 = Debug|Any CPU
		{88122C6A-0AEF-4B68-A964-0F01168330E2}.Release|Any CPU.ActiveCfg = Release|Any CPU
		{88122C6A-0AEF-4B68-A964-0F01168330E2}.Release|Any CPU.Build.0 = Release|Any CPU
		{A4AA532C-63DB-4E6E-B18F-6EA77D79F809}.Debug|Any CPU.ActiveCfg = Debug|Any CPU
		{A4AA532C-63DB-4E6E-B18F-6EA77D79F809}.Debug|Any CPU.Build.0 = Debug|Any CPU
		{A4AA532C-63DB-4E6E-B18F-6EA77D79F809}.Release|Any CPU.ActiveCfg = Release|Any CPU
		{A4AA532C-63DB-4E6E-B18F-6EA77D79F809}.Release|Any CPU.Build.0 = Release|Any CPU
		{D97B242D-C195-436A-A703-490E46E4CE7A}.Debug|Any CPU.ActiveCfg = Debug|Any CPU
		{D97B242D-C195-436A-A703-490E46E4CE7A}.Debug|Any CPU.Build.0 = Debug|Any CPU
		{D97B242D-C195-436A-A703-490E46E4CE7A}.Release|Any CPU.ActiveCfg = Release|Any CPU
		{D97B242D-C195-436A-A703-490E46E4CE7A}.Release|Any CPU.Build.0 = Release|Any CPU
		{201357FC-DF37-483C-A277-98977B5C4ACB}.Debug|Any CPU.ActiveCfg = Debug|Any CPU
		{201357FC-DF37-483C-A277-98977B5C4ACB}.Debug|Any CPU.Build.0 = Debug|Any CPU
		{201357FC-DF37-483C-A277-98977B5C4ACB}.Release|Any CPU.ActiveCfg = Release|Any CPU
		{201357FC-DF37-483C-A277-98977B5C4ACB}.Release|Any CPU.Build.0 = Release|Any CPU
		{D256A645-D0BB-4FC6-97CA-303441EB4BBA}.Debug|Any CPU.ActiveCfg = Debug|Any CPU
		{D256A645-D0BB-4FC6-97CA-303441EB4BBA}.Debug|Any CPU.Build.0 = Debug|Any CPU
		{D256A645-D0BB-4FC6-97CA-303441EB4BBA}.Release|Any CPU.ActiveCfg = Release|Any CPU
		{D256A645-D0BB-4FC6-97CA-303441EB4BBA}.Release|Any CPU.Build.0 = Release|Any CPU
		{2B00F253-6173-41DF-8420-894CFB047494}.Debug|Any CPU.ActiveCfg = Debug|Any CPU
		{2B00F253-6173-41DF-8420-894CFB047494}.Debug|Any CPU.Build.0 = Debug|Any CPU
		{2B00F253-6173-41DF-8420-894CFB047494}.Release|Any CPU.ActiveCfg = Release|Any CPU
		{2B00F253-6173-41DF-8420-894CFB047494}.Release|Any CPU.Build.0 = Release|Any CPU
		{17E9A912-F417-45C0-B79A-95D4CC9D604A}.Debug|Any CPU.ActiveCfg = Debug|Any CPU
		{17E9A912-F417-45C0-B79A-95D4CC9D604A}.Debug|Any CPU.Build.0 = Debug|Any CPU
		{17E9A912-F417-45C0-B79A-95D4CC9D604A}.Release|Any CPU.ActiveCfg = Release|Any CPU
		{17E9A912-F417-45C0-B79A-95D4CC9D604A}.Release|Any CPU.Build.0 = Release|Any CPU
		{7EFA84BE-0376-4FE7-A5E7-EB4906B7032B}.Debug|Any CPU.ActiveCfg = Debug|Any CPU
		{7EFA84BE-0376-4FE7-A5E7-EB4906B7032B}.Debug|Any CPU.Build.0 = Debug|Any CPU
		{7EFA84BE-0376-4FE7-A5E7-EB4906B7032B}.Release|Any CPU.ActiveCfg = Release|Any CPU
		{7EFA84BE-0376-4FE7-A5E7-EB4906B7032B}.Release|Any CPU.Build.0 = Release|Any CPU
		{954D11FA-4B6A-43A8-ABC2-DF9E1754F1B0}.Debug|Any CPU.ActiveCfg = Debug|Any CPU
		{954D11FA-4B6A-43A8-ABC2-DF9E1754F1B0}.Debug|Any CPU.Build.0 = Debug|Any CPU
		{954D11FA-4B6A-43A8-ABC2-DF9E1754F1B0}.Release|Any CPU.ActiveCfg = Release|Any CPU
		{954D11FA-4B6A-43A8-ABC2-DF9E1754F1B0}.Release|Any CPU.Build.0 = Release|Any CPU
		{B99DA986-AA03-4604-97B3-E092D3809638}.Debug|Any CPU.ActiveCfg = Debug|Any CPU
		{B99DA986-AA03-4604-97B3-E092D3809638}.Debug|Any CPU.Build.0 = Debug|Any CPU
		{B99DA986-AA03-4604-97B3-E092D3809638}.Release|Any CPU.ActiveCfg = Release|Any CPU
		{B99DA986-AA03-4604-97B3-E092D3809638}.Release|Any CPU.Build.0 = Release|Any CPU
		{F882DB2E-81B7-4E66-86B8-346258AC8D27}.Debug|Any CPU.ActiveCfg = Debug|Any CPU
		{F882DB2E-81B7-4E66-86B8-346258AC8D27}.Debug|Any CPU.Build.0 = Debug|Any CPU
		{F882DB2E-81B7-4E66-86B8-346258AC8D27}.Release|Any CPU.ActiveCfg = Release|Any CPU
		{F882DB2E-81B7-4E66-86B8-346258AC8D27}.Release|Any CPU.Build.0 = Release|Any CPU
		{0136A0DB-30F8-40DE-9BA4-B9A97115F388}.Debug|Any CPU.ActiveCfg = Debug|Any CPU
		{0136A0DB-30F8-40DE-9BA4-B9A97115F388}.Debug|Any CPU.Build.0 = Debug|Any CPU
		{0136A0DB-30F8-40DE-9BA4-B9A97115F388}.Release|Any CPU.ActiveCfg = Release|Any CPU
		{0136A0DB-30F8-40DE-9BA4-B9A97115F388}.Release|Any CPU.Build.0 = Release|Any CPU
		{0427F662-A896-49EC-9D19-694E87F5F638}.Debug|Any CPU.ActiveCfg = Debug|Any CPU
		{0427F662-A896-49EC-9D19-694E87F5F638}.Debug|Any CPU.Build.0 = Debug|Any CPU
		{0427F662-A896-49EC-9D19-694E87F5F638}.Release|Any CPU.ActiveCfg = Release|Any CPU
		{0427F662-A896-49EC-9D19-694E87F5F638}.Release|Any CPU.Build.0 = Release|Any CPU
		{8B33C2A0-7231-4441-B039-1624E50AC012}.Debug|Any CPU.ActiveCfg = Debug|Any CPU
		{8B33C2A0-7231-4441-B039-1624E50AC012}.Debug|Any CPU.Build.0 = Debug|Any CPU
		{8B33C2A0-7231-4441-B039-1624E50AC012}.Release|Any CPU.ActiveCfg = Release|Any CPU
		{8B33C2A0-7231-4441-B039-1624E50AC012}.Release|Any CPU.Build.0 = Release|Any CPU
		{724C5B4E-065F-4427-B7EC-5837FEA417C3}.Debug|Any CPU.ActiveCfg = Debug|Any CPU
		{724C5B4E-065F-4427-B7EC-5837FEA417C3}.Debug|Any CPU.Build.0 = Debug|Any CPU
		{724C5B4E-065F-4427-B7EC-5837FEA417C3}.Release|Any CPU.ActiveCfg = Release|Any CPU
		{724C5B4E-065F-4427-B7EC-5837FEA417C3}.Release|Any CPU.Build.0 = Release|Any CPU
		{6FD0C4D1-B63C-4697-877D-1609C5C23FAA}.Debug|Any CPU.ActiveCfg = Debug|Any CPU
		{6FD0C4D1-B63C-4697-877D-1609C5C23FAA}.Debug|Any CPU.Build.0 = Debug|Any CPU
		{6FD0C4D1-B63C-4697-877D-1609C5C23FAA}.Release|Any CPU.ActiveCfg = Release|Any CPU
		{6FD0C4D1-B63C-4697-877D-1609C5C23FAA}.Release|Any CPU.Build.0 = Release|Any CPU
		{3430B7E8-F258-4460-9CFB-A37147349825}.Debug|Any CPU.ActiveCfg = Debug|Any CPU
		{3430B7E8-F258-4460-9CFB-A37147349825}.Debug|Any CPU.Build.0 = Debug|Any CPU
		{3430B7E8-F258-4460-9CFB-A37147349825}.Release|Any CPU.ActiveCfg = Release|Any CPU
		{3430B7E8-F258-4460-9CFB-A37147349825}.Release|Any CPU.Build.0 = Release|Any CPU
	EndGlobalSection
	GlobalSection(SolutionProperties) = preSolution
		HideSolutionNode = FALSE
	EndGlobalSection
	GlobalSection(NestedProjects) = preSolution
		{88122C6A-0AEF-4B68-A964-0F01168330E2} = {C51B609A-7E25-4BB2-8C08-611985303A1F}
		{BE1D7CE2-7440-42C7-BC7A-32FA6932503E} = {32DA5AA8-F8A4-418B-99E7-84CC7C364681}
		{A9266269-EB96-47B5-8364-1599B891F84C} = {3DBD89C4-60FC-47D7-9A44-27D1300361E2}
		{A4AA532C-63DB-4E6E-B18F-6EA77D79F809} = {A9266269-EB96-47B5-8364-1599B891F84C}
		{D97B242D-C195-436A-A703-490E46E4CE7A} = {A9266269-EB96-47B5-8364-1599B891F84C}
		{462C98C7-CE19-4B02-BC25-7A7702DC43F4} = {233B7A9A-AD6A-4659-83DB-80170539577C}
		{D5E643A5-1420-4229-89BC-560FA97DF49E} = {233B7A9A-AD6A-4659-83DB-80170539577C}
		{201357FC-DF37-483C-A277-98977B5C4ACB} = {462C98C7-CE19-4B02-BC25-7A7702DC43F4}
		{D256A645-D0BB-4FC6-97CA-303441EB4BBA} = {462C98C7-CE19-4B02-BC25-7A7702DC43F4}
		{2B00F253-6173-41DF-8420-894CFB047494} = {D5E643A5-1420-4229-89BC-560FA97DF49E}
		{17E9A912-F417-45C0-B79A-95D4CC9D604A} = {D5E643A5-1420-4229-89BC-560FA97DF49E}
		{7EFA84BE-0376-4FE7-A5E7-EB4906B7032B} = {D5E643A5-1420-4229-89BC-560FA97DF49E}
		{954D11FA-4B6A-43A8-ABC2-DF9E1754F1B0} = {462C98C7-CE19-4B02-BC25-7A7702DC43F4}
		{B99DA986-AA03-4604-97B3-E092D3809638} = {BE1D7CE2-7440-42C7-BC7A-32FA6932503E}
		{F882DB2E-81B7-4E66-86B8-346258AC8D27} = {7D78505B-3986-4205-B3BC-0FE4E7EFCDB0}
		{0136A0DB-30F8-40DE-9BA4-B9A97115F388} = {DFCE06B1-F3F5-4B9E-849B-D26BDC7B16F6}
		{2F451AE4-6344-4345-9B2A-0A6534541844} = {32DA5AA8-F8A4-418B-99E7-84CC7C364681}
		{0427F662-A896-49EC-9D19-694E87F5F638} = {2F451AE4-6344-4345-9B2A-0A6534541844}
		{8D0D6B7F-1931-46B7-A873-E9E000DC43CD} = {3DBD89C4-60FC-47D7-9A44-27D1300361E2}
		{8B33C2A0-7231-4441-B039-1624E50AC012} = {8D0D6B7F-1931-46B7-A873-E9E000DC43CD}
		{724C5B4E-065F-4427-B7EC-5837FEA417C3} = {8D0D6B7F-1931-46B7-A873-E9E000DC43CD}
		{6FD0C4D1-B63C-4697-877D-1609C5C23FAA} = {DFCE06B1-F3F5-4B9E-849B-D26BDC7B16F6}
		{3430B7E8-F258-4460-9CFB-A37147349825} = {CCFDA7E5-F0DB-4D56-94CF-7C2A84593D69}
	EndGlobalSection
EndGlobal
