
Microsoft Visual Studio Solution File, Format Version 12.00
# Visual Studio 14
VisualStudioVersion = 14.0.25420.1
MinimumVisualStudioVersion = 10.0.40219.1
Project("{FAE04EC0-301F-11D3-BF4B-00C04F79EFBC}") = "RCMS.Platform.Manage.Web", "RCMS\RCMS.Platform.Manage.Web.csproj", "{88122C6A-0AEF-4B68-A964-0F01168330E2}"
EndProject
Project("{2150E333-8FDC-42A3-9474-1A3956D46DE8}") = "Presentation", "Presentation", "{C51B609A-7E25-4BB2-8C08-611985303A1F}"
EndProject
Project("{2150E333-8FDC-42A3-9474-1A3956D46DE8}") = "Application", "Application", "{233B7A9A-AD6A-4659-83DB-80170539577C}"
EndProject
Project("{2150E333-8FDC-42A3-9474-1A3956D46DE8}") = "Business Logic", "Business Logic", "{32DA5AA8-F8A4-418B-99E7-84CC7C364681}"
EndProject
Project("{2150E333-8FDC-42A3-9474-1A3956D46DE8}") = "Client SDK", "Client SDK", "{C88FFA59-F7A1-4855-8542-4AFE514AC326}"
EndProject
Project("{2150E333-8FDC-42A3-9474-1A3956D46DE8}") = "DataAccess", "DataAccess", "{3DBD89C4-60FC-47D7-9A44-27D1300361E2}"
EndProject
Project("{2150E333-8FDC-42A3-9474-1A3956D46DE8}") = "Infrastructure", "Infrastructure", "{DFCE06B1-F3F5-4B9E-849B-D26BDC7B16F6}"
EndProject
Project("{2150E333-8FDC-42A3-9474-1A3956D46DE8}") = "Service Task", "Service Task", "{B049F4C2-A98D-4650-BA55-9B5A09C59FFC}"
EndProject
Project("{2150E333-8FDC-42A3-9474-1A3956D46DE8}") = "Test", "Test", "{7D78505B-3986-4205-B3BC-0FE4E7EFCDB0}"
EndProject
Project("{2150E333-8FDC-42A3-9474-1A3956D46DE8}") = "RCMS.Center.DomainService", "RCMS.Center.DomainService", "{BE1D7CE2-7440-42C7-BC7A-32FA6932503E}"
EndProject
Project("{FAE04EC0-301F-11D3-BF4B-00C04F79EFBC}") = "RCMS.Center.DomainService", "ClassLibrary1\RCMS.Center.DomainService.csproj", "{3A1A5407-F163-4C34-B591-BCFD3CC8EF82}"
EndProject
Project("{2150E333-8FDC-42A3-9474-1A3956D46DE8}") = "RCMS.Center", "RCMS.Center", "{A9266269-EB96-47B5-8364-1599B891F84C}"
EndProject
Project("{FAE04EC0-301F-11D3-BF4B-00C04F79EFBC}") = "RCMS.Center.DataAccess", "RCMS.Center\RCMS.Center.DataAccess.csproj", "{A4AA532C-63DB-4E6E-B18F-6EA77D79F809}"
EndProject
Project("{FAE04EC0-301F-11D3-BF4B-00C04F79EFBC}") = "RCMS.Center.Entity", "RCMS.Center.Entity\RCMS.Center.Entity.csproj", "{D97B242D-C195-436A-A703-490E46E4CE7A}"
EndProject
Global
	GlobalSection(SolutionConfigurationPlatforms) = preSolution
		Debug|Any CPU = Debug|Any CPU
		Release|Any CPU = Release|Any CPU
	EndGlobalSection
	GlobalSection(ProjectConfigurationPlatforms) = postSolution
		{88122C6A-0AEF-4B68-A964-0F01168330E2}.Debug|Any CPU.ActiveCfg = Debug|Any CPU
		{88122C6A-0AEF-4B68-A964-0F01168330E2}.Debug|Any CPU.Build.0 = Debug|Any CPU
		{88122C6A-0AEF-4B68-A964-0F01168330E2}.Release|Any CPU.ActiveCfg = Release|Any CPU
		{88122C6A-0AEF-4B68-A964-0F01168330E2}.Release|Any CPU.Build.0 = Release|Any CPU
		{3A1A5407-F163-4C34-B591-BCFD3CC8EF82}.Debug|Any CPU.ActiveCfg = Debug|Any CPU
		{3A1A5407-F163-4C34-B591-BCFD3CC8EF82}.Debug|Any CPU.Build.0 = Debug|Any CPU
		{3A1A5407-F163-4C34-B591-BCFD3CC8EF82}.Release|Any CPU.ActiveCfg = Release|Any CPU
		{3A1A5407-F163-4C34-B591-BCFD3CC8EF82}.Release|Any CPU.Build.0 = Release|Any CPU
		{A4AA532C-63DB-4E6E-B18F-6EA77D79F809}.Debug|Any CPU.ActiveCfg = Debug|Any CPU
		{A4AA532C-63DB-4E6E-B18F-6EA77D79F809}.Debug|Any CPU.Build.0 = Debug|Any CPU
		{A4AA532C-63DB-4E6E-B18F-6EA77D79F809}.Release|Any CPU.ActiveCfg = Release|Any CPU
		{A4AA532C-63DB-4E6E-B18F-6EA77D79F809}.Release|Any CPU.Build.0 = Release|Any CPU
		{D97B242D-C195-436A-A703-490E46E4CE7A}.Debug|Any CPU.ActiveCfg = Debug|Any CPU
		{D97B242D-C195-436A-A703-490E46E4CE7A}.Debug|Any CPU.Build.0 = Debug|Any CPU
		{D97B242D-C195-436A-A703-490E46E4CE7A}.Release|Any CPU.ActiveCfg = Release|Any CPU
		{D97B242D-C195-436A-A703-490E46E4CE7A}.Release|Any CPU.Build.0 = Release|Any CPU
	EndGlobalSection
	GlobalSection(SolutionProperties) = preSolution
		HideSolutionNode = FALSE
	EndGlobalSection
	GlobalSection(NestedProjects) = preSolution
		{88122C6A-0AEF-4B68-A964-0F01168330E2} = {C51B609A-7E25-4BB2-8C08-611985303A1F}
		{BE1D7CE2-7440-42C7-BC7A-32FA6932503E} = {32DA5AA8-F8A4-418B-99E7-84CC7C364681}
		{3A1A5407-F163-4C34-B591-BCFD3CC8EF82} = {BE1D7CE2-7440-42C7-BC7A-32FA6932503E}
		{A9266269-EB96-47B5-8364-1599B891F84C} = {3DBD89C4-60FC-47D7-9A44-27D1300361E2}
		{A4AA532C-63DB-4E6E-B18F-6EA77D79F809} = {A9266269-EB96-47B5-8364-1599B891F84C}
		{D97B242D-C195-436A-A703-490E46E4CE7A} = {A9266269-EB96-47B5-8364-1599B891F84C}
	EndGlobalSection
EndGlobal
